// !$*UTF8*$!
{
	archiveVersion = 1;
	classes = {
	};
	objectVersion = 51;
	objects = {

/* Begin PBXBuildFile section */
		6DC37BD622EFF08B00826D2A /* inputViewController.swift in Sources */ = {isa = PBXBuildFile; fileRef = 6DC37BD522EFF08B00826D2A /* inputViewController.swift */; };
		6DC37BD822EFF0D200826D2A /* todo.swift in Sources */ = {isa = PBXBuildFile; fileRef = 6DC37BD722EFF0D200826D2A /* todo.swift */; };
		6DFCFD8C22EFEB6B00DD099A /* AppDelegate.swift in Sources */ = {isa = PBXBuildFile; fileRef = 6DFCFD8B22EFEB6B00DD099A /* AppDelegate.swift */; };
		6DFCFD8E22EFEB6B00DD099A /* ViewController.swift in Sources */ = {isa = PBXBuildFile; fileRef = 6DFCFD8D22EFEB6B00DD099A /* ViewController.swift */; };
		6DFCFD9122EFEB6B00DD099A /* Main.storyboard in Resources */ = {isa = PBXBuildFile; fileRef = 6DFCFD8F22EFEB6B00DD099A /* Main.storyboard */; };
		6DFCFD9322EFEB6C00DD099A /* Assets.xcassets in Resources */ = {isa = PBXBuildFile; fileRef = 6DFCFD9222EFEB6C00DD099A /* Assets.xcassets */; };
		6DFCFD9622EFEB6C00DD099A /* LaunchScreen.storyboard in Resources */ = {isa = PBXBuildFile; fileRef = 6DFCFD9422EFEB6C00DD099A /* LaunchScreen.storyboard */; };
		DFC73F860504F5382B412417 /* Pods_RalmTodo.framework in Frameworks */ = {isa = PBXBuildFile; fileRef = 1E457363A5085B97794354A8 /* Pods_RalmTodo.framework */; };
/* End PBXBuildFile section */

/* Begin PBXFileReference section */
		1E457363A5085B97794354A8 /* Pods_RalmTodo.framework */ = {isa = PBXFileReference; explicitFileType = wrapper.framework; includeInIndex = 0; path = Pods_RalmTodo.framework; sourceTree = BUILT_PRODUCTS_DIR; };
		6DC37BD522EFF08B00826D2A /* inputViewController.swift */ = {isa = PBXFileReference; lastKnownFileType = sourcecode.swift; path = inputViewController.swift; sourceTree = "<group>"; };
		6DC37BD722EFF0D200826D2A /* todo.swift */ = {isa = PBXFileReference; lastKnownFileType = sourcecode.swift; path = todo.swift; sourceTree = "<group>"; };
		6DFCFD8822EFEB6B00DD099A /* RalmTodo.app */ = {isa = PBXFileReference; explicitFileType = wrapper.application; includeInIndex = 0; path = RalmTodo.app; sourceTree = BUILT_PRODUCTS_DIR; };
		6DFCFD8B22EFEB6B00DD099A /* AppDelegate.swift */ = {isa = PBXFileReference; lastKnownFileType = sourcecode.swift; path = AppDelegate.swift; sourceTree = "<group>"; };
		6DFCFD8D22EFEB6B00DD099A /* ViewController.swift */ = {isa = PBXFileReference; lastKnownFileType = sourcecode.swift; path = ViewController.swift; sourceTree = "<group>"; };
		6DFCFD9022EFEB6B00DD099A /* Base */ = {isa = PBXFileReference; lastKnownFileType = file.storyboard; name = Base; path = Base.lproj/Main.storyboard; sourceTree = "<group>"; };
		6DFCFD9222EFEB6C00DD099A /* Assets.xcassets */ = {isa = PBXFileReference; lastKnownFileType = folder.assetcatalog; path = Assets.xcassets; sourceTree = "<group>"; };
		6DFCFD9522EFEB6C00DD099A /* Base */ = {isa = PBXFileReference; lastKnownFileType = file.storyboard; name = Base; path = Base.lproj/LaunchScreen.storyboard; sourceTree = "<group>"; };
		6DFCFD9722EFEB6C00DD099A /* Info.plist */ = {isa = PBXFileReference; lastKnownFileType = text.plist.xml; path = Info.plist; sourceTree = "<group>"; };
		8FB9331CDC8ABDB4810775D3 /* Pods-RalmTodo.debug.xcconfig */ = {isa = PBXFileReference; includeInIndex = 1; lastKnownFileType = text.xcconfig; name = "Pods-RalmTodo.debug.xcconfig"; path = "Target Support Files/Pods-RalmTodo/Pods-RalmTodo.debug.xcconfig"; sourceTree = "<group>"; };
		C6E2EFBB26C6049BF263B579 /* Pods-RalmTodo.release.xcconfig */ = {isa = PBXFileReference; includeInIndex = 1; lastKnownFileType = text.xcconfig; name = "Pods-RalmTodo.release.xcconfig"; path = "Target Support Files/Pods-RalmTodo/Pods-RalmTodo.release.xcconfig"; sourceTree = "<group>"; };
/* End PBXFileReference section */

/* Begin PBXFrameworksBuildPhase section */
		6DFCFD8522EFEB6B00DD099A /* Frameworks */ = {
			isa = PBXFrameworksBuildPhase;
			buildActionMask = 2147483647;
			files = (
				DFC73F860504F5382B412417 /* Pods_RalmTodo.framework in Frameworks */,
			);
			runOnlyForDeploymentPostprocessing = 0;
		};
/* End PBXFrameworksBuildPhase section */

/* Begin PBXGroup section */
		6DC37BD922EFF14100826D2A /* Controllers */ = {
			isa = PBXGroup;
			children = (
				6DFCFD8D22EFEB6B00DD099A /* ViewController.swift */,
				6DC37BD522EFF08B00826D2A /* inputViewController.swift */,
			);
			path = Controllers;
			sourceTree = "<group>";
		};
		6DC37BDA22EFF17A00826D2A /* Objects */ = {
			isa = PBXGroup;
			children = (
				6DC37BD722EFF0D200826D2A /* todo.swift */,
			);
			path = Objects;
			sourceTree = "<group>";
		};
		6DFCFD7F22EFEB6B00DD099A = {
			isa = PBXGroup;
			children = (
				6DFCFD8A22EFEB6B00DD099A /* RalmTodo */,
				6DFCFD8922EFEB6B00DD099A /* Products */,
				CCAB1D13E4DA057AD215778C /* Pods */,
				B35F73F2D0BE5786B87460FF /* Frameworks */,
			);
			sourceTree = "<group>";
		};
		6DFCFD8922EFEB6B00DD099A /* Products */ = {
			isa = PBXGroup;
			children = (
				6DFCFD8822EFEB6B00DD099A /* RalmTodo.app */,
			);
			name = Products;
			sourceTree = "<group>";
		};
		6DFCFD8A22EFEB6B00DD099A /* RalmTodo */ = {
			isa = PBXGroup;
			children = (
				6DC37BDA22EFF17A00826D2A /* Objects */,
				6DC37BD922EFF14100826D2A /* Controllers */,
				6DFCFD8B22EFEB6B00DD099A /* AppDelegate.swift */,
				6DFCFD8F22EFEB6B00DD099A /* Main.storyboard */,
				6DFCFD9222EFEB6C00DD099A /* Assets.xcassets */,
				6DFCFD9422EFEB6C00DD099A /* LaunchScreen.storyboard */,
				6DFCFD9722EFEB6C00DD099A /* Info.plist */,
			);
			path = RalmTodo;
			sourceTree = "<group>";
		};
		B35F73F2D0BE5786B87460FF /* Frameworks */ = {
			isa = PBXGroup;
			children = (
				1E457363A5085B97794354A8 /* Pods_RalmTodo.framework */,
			);
			name = Frameworks;
			sourceTree = "<group>";
		};
		CCAB1D13E4DA057AD215778C /* Pods */ = {
			isa = PBXGroup;
			children = (
				8FB9331CDC8ABDB4810775D3 /* Pods-RalmTodo.debug.xcconfig */,
				C6E2EFBB26C6049BF263B579 /* Pods-RalmTodo.release.xcconfig */,
			);
			path = Pods;
			sourceTree = "<group>";
		};
/* End PBXGroup section */

/* Begin PBXNativeTarget section */
		6DFCFD8722EFEB6B00DD099A /* RalmTodo */ = {
			isa = PBXNativeTarget;
			buildConfigurationList = 6DFCFD9A22EFEB6C00DD099A /* Build configuration list for PBXNativeTarget "RalmTodo" */;
			buildPhases = (
				533948BCEDC61B24D352C220 /* [CP] Check Pods Manifest.lock */,
				6DFCFD8422EFEB6B00DD099A /* Sources */,
				6DFCFD8522EFEB6B00DD099A /* Frameworks */,
				6DFCFD8622EFEB6B00DD099A /* Resources */,
				0A155B2F34658EB62BFD35B4 /* [CP] Embed Pods Frameworks */,
			);
			buildRules = (
			);
			dependencies = (
			);
			name = RalmTodo;
			productName = RalmTodo;
			productReference = 6DFCFD8822EFEB6B00DD099A /* RalmTodo.app */;
			productType = "com.apple.product-type.application";
		};
/* End PBXNativeTarget section */

/* Begin PBXProject section */
		6DFCFD8022EFEB6B00DD099A /* Project object */ = {
			isa = PBXProject;
			attributes = {
				LastSwiftUpdateCheck = 1030;
				LastUpgradeCheck = 1030;
				ORGANIZATIONNAME = "辻真緒";
				TargetAttributes = {
					6DFCFD8722EFEB6B00DD099A = {
						CreatedOnToolsVersion = 10.3;
					};
				};
			};
			buildConfigurationList = 6DFCFD8322EFEB6B00DD099A /* Build configuration list for PBXProject "RalmTodo" */;
			compatibilityVersion = "Xcode 9.3";
			developmentRegion = en;
			hasScannedForEncodings = 0;
			knownRegions = (
				en,
				Base,
			);
			mainGroup = 6DFCFD7F22EFEB6B00DD099A;
			productRefGroup = 6DFCFD8922EFEB6B00DD099A /* Products */;
			projectDirPath = "";
			projectRoot = "";
			targets = (
				6DFCFD8722EFEB6B00DD099A /* RalmTodo */,
			);
		};
/* End PBXProject section */

/* Begin PBXResourcesBuildPhase section */
		6DFCFD8622EFEB6B00DD099A /* Resources */ = {
			isa = PBXResourcesBuildPhase;
			buildActionMask = 2147483647;
			files = (
				6DFCFD9622EFEB6C00DD099A /* LaunchScreen.storyboard in Resources */,
				6DFCFD9322EFEB6C00DD099A /* Assets.xcassets in Resources */,
				6DFCFD9122EFEB6B00DD099A /* Main.storyboard in Resources */,
			);
			runOnlyForDeploymentPostprocessing = 0;
		};
/* End PBXResourcesBuildPhase section */

/* Begin PBXShellScriptBuildPhase section */
		0A155B2F34658EB62BFD35B4 /* [CP] Embed Pods Frameworks */ = {
			isa = PBXShellScriptBuildPhase;
			buildActionMask = 2147483647;
			files = (
			);
			inputFileListPaths = (
				"${PODS_ROOT}/Target Support Files/Pods-RalmTodo/Pods-RalmTodo-frameworks-${CONFIGURATION}-input-files.xcfilelist",
			);
			name = "[CP] Embed Pods Frameworks";
			outputFileListPaths = (
				"${PODS_ROOT}/Target Support Files/Pods-RalmTodo/Pods-RalmTodo-frameworks-${CONFIGURATION}-output-files.xcfilelist",
			);
			runOnlyForDeploymentPostprocessing = 0;
			shellPath = /bin/sh;
			shellScript = "\"${PODS_ROOT}/Target Support Files/Pods-RalmTodo/Pods-RalmTodo-frameworks.sh\"\n";
			showEnvVarsInLog = 0;
		};
		533948BCEDC61B24D352C220 /* [CP] Check Pods Manifest.lock */ = {
			isa = PBXShellScriptBuildPhase;
			buildActionMask = 2147483647;
			files = (
			);
			inputFileListPaths = (
			);
			inputPaths = (
				"${PODS_PODFILE_DIR_PATH}/Podfile.lock",
				"${PODS_ROOT}/Manifest.lock",
			);
			name = "[CP] Check Pods Manifest.lock";
			outputFileListPaths = (
			);
			outputPaths = (
				"$(DERIVED_FILE_DIR)/Pods-RalmTodo-checkManifestLockResult.txt",
			);
			runOnlyForDeploymentPostprocessing = 0;
			shellPath = /bin/sh;
			shellScript = "diff \"${PODS_PODFILE_DIR_PATH}/Podfile.lock\" \"${PODS_ROOT}/Manifest.lock\" > /dev/null\nif [ $? != 0 ] ; then\n    # print error to STDERR\n    echo \"error: The sandbox is not in sync with the Podfile.lock. Run 'pod install' or update your CocoaPods installation.\" >&2\n    exit 1\nfi\n# This output is used by Xcode 'outputs' to avoid re-running this script phase.\necho \"SUCCESS\" > \"${SCRIPT_OUTPUT_FILE_0}\"\n";
			showEnvVarsInLog = 0;
		};
/* End PBXShellScriptBuildPhase section */

/* Begin PBXSourcesBuildPhase section */
		6DFCFD8422EFEB6B00DD099A /* Sources */ = {
			isa = PBXSourcesBuildPhase;
			buildActionMask = 2147483647;
			files = (
				6DFCFD8E22EFEB6B00DD099A /* ViewController.swift in Sources */,
				6DFCFD8C22EFEB6B00DD099A /* AppDelegate.swift in Sources */,
				6DC37BD622EFF08B00826D2A /* inputViewController.swift in Sources */,
				6DC37BD822EFF0D200826D2A /* todo.swift in Sources */,
			);
			runOnlyForDeploymentPostprocessing = 0;
		};
/* End PBXSourcesBuildPhase section */

/* Begin PBXVariantGroup section */
		6DFCFD8F22EFEB6B00DD099A /* Main.storyboard */ = {
			isa = PBXVariantGroup;
			children = (
				6DFCFD9022EFEB6B00DD099A /* Base */,
			);
			name = Main.storyboard;
			sourceTree = "<group>";
		};
		6DFCFD9422EFEB6C00DD099A /* LaunchScreen.storyboard */ = {
			isa = PBXVariantGroup;
			children = (
				6DFCFD9522EFEB6C00DD099A /* Base */,
			);
			name = LaunchScreen.storyboard;
			sourceTree = "<group>";
		};
/* End PBXVariantGroup section */

/* Begin XCBuildConfiguration section */
		6DFCFD9822EFEB6C00DD099A /* Debug */ = {
			isa = XCBuildConfiguration;
			buildSettings = {
				ALWAYS_SEARCH_USER_PATHS = NO;
				CLANG_ANALYZER_NONNULL = YES;
				CLANG_ANALYZER_NUMBER_OBJECT_CONVERSION = YES_AGGRESSIVE;
				CLANG_CXX_LANGUAGE_STANDARD = "gnu++14";
				CLANG_CXX_LIBRARY = "libc++";
				CLANG_ENABLE_MODULES = YES;
				CLANG_ENABLE_OBJC_ARC = YES;
				CLANG_ENABLE_OBJC_WEAK = YES;
				CLANG_WARN_BLOCK_CAPTURE_AUTORELEASING = YES;
				CLANG_WARN_BOOL_CONVERSION = YES;
				CLANG_WARN_COMMA = YES;
				CLANG_WARN_CONSTANT_CONVERSION = YES;
				CLANG_WARN_DEPRECATED_OBJC_IMPLEMENTATIONS = YES;
				CLANG_WARN_DIRECT_OBJC_ISA_USAGE = YES_ERROR;
				CLANG_WARN_DOCUMENTATION_COMMENTS = YES;
				CLANG_WARN_EMPTY_BODY = YES;
				CLANG_WARN_ENUM_CONVERSION = YES;
				CLANG_WARN_INFINITE_RECURSION = YES;
				CLANG_WARN_INT_CONVERSION = YES;
				CLANG_WARN_NON_LITERAL_NULL_CONVERSION = YES;
				CLANG_WARN_OBJC_IMPLICIT_RETAIN_SELF = YES;
				CLANG_WARN_OBJC_LITERAL_CONVERSION = YES;
				CLANG_WARN_OBJC_ROOT_CLASS = YES_ERROR;
				CLANG_WARN_RANGE_LOOP_ANALYSIS = YES;
				CLANG_WARN_STRICT_PROTOTYPES = YES;
				CLANG_WARN_SUSPICIOUS_MOVE = YES;
				CLANG_WARN_UNGUARDED_AVAILABILITY = YES_AGGRESSIVE;
				CLANG_WARN_UNREACHABLE_CODE = YES;
				CLANG_WARN__DUPLICATE_METHOD_MATCH = YES;
				CODE_SIGN_IDENTITY = "iPhone Developer";
				COPY_PHASE_STRIP = NO;
				DEBUG_INFORMATION_FORMAT = dwarf;
				ENABLE_STRICT_OBJC_MSGSEND = YES;
				ENABLE_TESTABILITY = YES;
				GCC_C_LANGUAGE_STANDARD = gnu11;
				GCC_DYNAMIC_NO_PIC = NO;
				GCC_NO_COMMON_BLOCKS = YES;
				GCC_OPTIMIZATION_LEVEL = 0;
				GCC_PREPROCESSOR_DEFINITIONS = (
					"DEBUG=1",
					"$(inherited)",
				);
				GCC_WARN_64_TO_32_BIT_CONVERSION = YES;
				GCC_WARN_ABOUT_RETURN_TYPE = YES_ERROR;
				GCC_WARN_UNDECLARED_SELECTOR = YES;
				GCC_WARN_UNINITIALIZED_AUTOS = YES_AGGRESSIVE;
				GCC_WARN_UNUSED_FUNCTION = YES;
				GCC_WARN_UNUSED_VARIABLE = YES;
				IPHONEOS_DEPLOYMENT_TARGET = 12.4;
				MTL_ENABLE_DEBUG_INFO = INCLUDE_SOURCE;
				MTL_FAST_MATH = YES;
				ONLY_ACTIVE_ARCH = YES;
				SDKROOT = iphoneos;
				SWIFT_ACTIVE_COMPILATION_CONDITIONS = DEBUG;
				SWIFT_OPTIMIZATION_LEVEL = "-Onone";
			};
			name = Debug;
		};
		6DFCFD9922EFEB6C00DD099A /* Release */ = {
			isa = XCBuildConfiguration;
			buildSettings = {
				ALWAYS_SEARCH_USER_PATHS = NO;
				CLANG_ANALYZER_NONNULL = YES;
				CLANG_ANALYZER_NUMBER_OBJECT_CONVERSION = YES_AGGRESSIVE;
				CLANG_CXX_LANGUAGE_STANDARD = "gnu++14";
				CLANG_CXX_LIBRARY = "libc++";
				CLANG_ENABLE_MODULES = YES;
				CLANG_ENABLE_OBJC_ARC = YES;
				CLANG_ENABLE_OBJC_WEAK = YES;
				CLANG_WARN_BLOCK_CAPTURE_AUTORELEASING = YES;
				CLANG_WARN_BOOL_CONVERSION = YES;
				CLANG_WARN_COMMA = YES;
				CLANG_WARN_CONSTANT_CONVERSION = YES;
				CLANG_WARN_DEPRECATED_OBJC_IMPLEMENTATIONS = YES;
				CLANG_WARN_DIRECT_OBJC_ISA_USAGE = YES_ERROR;
				CLANG_WARN_DOCUMENTATION_COMMENTS = YES;
				CLANG_WARN_EMPTY_BODY = YES;
				CLANG_WARN_ENUM_CONVERSION = YES;
				CLANG_WARN_INFINITE_RECURSION = YES;
				CLANG_WARN_INT_CONVERSION = YES;
				CLANG_WARN_NON_LITERAL_NULL_CONVERSION = YES;
				CLANG_WARN_OBJC_IMPLICIT_RETAIN_SELF = YES;
				CLANG_WARN_OBJC_LITERAL_CONVERSION = YES;
				CLANG_WARN_OBJC_ROOT_CLASS = YES_ERROR;
				CLANG_WARN_RANGE_LOOP_ANALYSIS = YES;
				CLANG_WARN_STRICT_PROTOTYPES = YES;
				CLANG_WARN_SUSPICIOUS_MOVE = YES;
				CLANG_WARN_UNGUARDED_AVAILABILITY = YES_AGGRESSIVE;
				CLANG_WARN_UNREACHABLE_CODE = YES;
				CLANG_WARN__DUPLICATE_METHOD_MATCH = YES;
				CODE_SIGN_IDENTITY = "iPhone Developer";
				COPY_PHASE_STRIP = NO;
				DEBUG_INFORMATION_FORMAT = "dwarf-with-dsym";
				ENABLE_NS_ASSERTIONS = NO;
				ENABLE_STRICT_OBJC_MSGSEND = YES;
				GCC_C_LANGUAGE_STANDARD = gnu11;
				GCC_NO_COMMON_BLOCKS = YES;
				GCC_WARN_64_TO_32_BIT_CONVERSION = YES;
				GCC_WARN_ABOUT_RETURN_TYPE = YES_ERROR;
				GCC_WARN_UNDECLARED_SELECTOR = YES;
				GCC_WARN_UNINITIALIZED_AUTOS = YES_AGGRESSIVE;
				GCC_WARN_UNUSED_FUNCTION = YES;
				GCC_WARN_UNUSED_VARIABLE = YES;
				IPHONEOS_DEPLOYMENT_TARGET = 12.4;
				MTL_ENABLE_DEBUG_INFO = NO;
				MTL_FAST_MATH = YES;
				SDKROOT = iphoneos;
				SWIFT_COMPILATION_MODE = wholemodule;
				SWIFT_OPTIMIZATION_LEVEL = "-O";
				VALIDATE_PRODUCT = YES;
			};
			name = Release;
		};
		6DFCFD9B22EFEB6C00DD099A /* Debug */ = {
			isa = XCBuildConfiguration;
			baseConfigurationReference = 8FB9331CDC8ABDB4810775D3 /* Pods-RalmTodo.debug.xcconfig */;
			buildSettings = {
				ASSETCATALOG_COMPILER_APPICON_NAME = AppIcon;
				CODE_SIGN_STYLE = Automatic;
				DEVELOPMENT_TEAM = ASWZUJW45Z;
				INFOPLIST_FILE = RalmTodo/Info.plist;
				LD_RUNPATH_SEARCH_PATHS = (
					"$(inherited)",
					"@executable_path/Frameworks",
				);
				PRODUCT_BUNDLE_IDENTIFIER = com.example.RalmTodo;
				PRODUCT_NAME = "$(TARGET_NAME)";
				SWIFT_VERSION = 5.0;
				TARGETED_DEVICE_FAMILY = "1,2";
			};
			name = Debug;
		};
		6DFCFD9C22EFEB6C00DD099A /* Release */ = {
			isa = XCBuildConfiguration;
			baseConfigurationReference = C6E2EFBB26C6049BF263B579 /* Pods-RalmTodo.release.xcconfig */;
			buildSettings = {
				ASSETCATALOG_COMPILER_APPICON_NAME = AppIcon;
				CODE_SIGN_STYLE = Automatic;
				DEVELOPMENT_TEAM = ASWZUJW45Z;
				INFOPLIST_FILE = RalmTodo/Info.plist;
				LD_RUNPATH_SEARCH_PATHS = (
					"$(inherited)",
					"@executable_path/Frameworks",
				);
				PRODUCT_BUNDLE_IDENTIFIER = com.example.RalmTodo;
				PRODUCT_NAME = "$(TARGET_NAME)";
				SWIFT_VERSION = 5.0;
				TARGETED_DEVICE_FAMILY = "1,2";
			};
			name = Release;
		};
/* End XCBuildConfiguration section */

/* Begin XCConfigurationList section */
		6DFCFD8322EFEB6B00DD099A /* Build configuration list for PBXProject "RalmTodo" */ = {
			isa = XCConfigurationList;
			buildConfigurations = (
				6DFCFD9822EFEB6C00DD099A /* Debug */,
				6DFCFD9922EFEB6C00DD099A /* Release */,
			);
			defaultConfigurationIsVisible = 0;
			defaultConfigurationName = Release;
		};
		6DFCFD9A22EFEB6C00DD099A /* Build configuration list for PBXNativeTarget "RalmTodo" */ = {
			isa = XCConfigurationList;
			buildConfigurations = (
				6DFCFD9B22EFEB6C00DD099A /* Debug */,
				6DFCFD9C22EFEB6C00DD099A /* Release */,
			);
			defaultConfigurationIsVisible = 0;
			defaultConfigurationName = Release;
		};
/* End XCConfigurationList section */
	};
	rootObject = 6DFCFD8022EFEB6B00DD099A /* Project object */;
}
